
Microsoft Visual Studio Solution File, Format Version 12.00
# Visual Studio Version 16
VisualStudioVersion = 16.0.31402.337
MinimumVisualStudioVersion = 10.0.40219.1
Project("{FAE04EC0-301F-11D3-BF4B-00C04F79EFBC}") = "TestLibruaryMindBox", "TestLibruaryMindBox\TestLibruaryMindBox.csproj", "{10502A58-1155-48ED-A1CC-6ADEAC395585}"
EndProject
Project("{FAE04EC0-301F-11D3-BF4B-00C04F79EFBC}") = "Tests", "Tests\Tests.csproj", "{9B0FC49C-0A0F-4121-8243-01BF92B44737}"
EndProject
Project("{FAE04EC0-301F-11D3-BF4B-00C04F79EFBC}") = "FigureShowcase", "FigureShowcase\FigureShowcase.csproj", "{445A5837-D986-4E02-845D-F60F87C76B86}"
EndProject
Global
	GlobalSection(SolutionConfigurationPlatforms) = preSolution
		Debug|Any CPU = Debug|Any CPU
		Release|Any CPU = Release|Any CPU
	EndGlobalSection
	GlobalSection(ProjectConfigurationPlatforms) = postSolution
		{10502A58-1155-48ED-A1CC-6ADEAC395585}.Debug|Any CPU.ActiveCfg = Debug|Any CPU
		{10502A58-1155-48ED-A1CC-6ADEAC395585}.Debug|Any CPU.Build.0 = Debug|Any CPU
		{10502A58-1155-48ED-A1CC-6ADEAC395585}.Release|Any CPU.ActiveCfg = Release|Any CPU
		{10502A58-1155-48ED-A1CC-6ADEAC395585}.Release|Any CPU.Build.0 = Release|Any CPU
		{9B0FC49C-0A0F-4121-8243-01BF92B44737}.Debug|Any CPU.ActiveCfg = Debug|Any CPU
		{9B0FC49C-0A0F-4121-8243-01BF92B44737}.Debug|Any CPU.Build.0 = Debug|Any CPU
		{9B0FC49C-0A0F-4121-8243-01BF92B44737}.Release|Any CPU.ActiveCfg = Release|Any CPU
		{9B0FC49C-0A0F-4121-8243-01BF92B44737}.Release|Any CPU.Build.0 = Release|Any CPU
		{445A5837-D986-4E02-845D-F60F87C76B86}.Debug|Any CPU.ActiveCfg = Debug|Any CPU
		{445A5837-D986-4E02-845D-F60F87C76B86}.Debug|Any CPU.Build.0 = Debug|Any CPU
		{445A5837-D986-4E02-845D-F60F87C76B86}.Release|Any CPU.ActiveCfg = Release|Any CPU
		{445A5837-D986-4E02-845D-F60F87C76B86}.Release|Any CPU.Build.0 = Release|Any CPU
	EndGlobalSection
	GlobalSection(SolutionProperties) = preSolution
		HideSolutionNode = FALSE
	EndGlobalSection
	GlobalSection(ExtensibilityGlobals) = postSolution
		SolutionGuid = {491157B1-BF05-4582-83F2-CDC89B75B2CD}
	EndGlobalSection
EndGlobal
